// !$*UTF8*$!
{
	archiveVersion = 1;
	classes = {
	};
	objectVersion = 50;
	objects = {

/* Begin PBXBuildFile section */
		81C678C6248F9D4B00547D54 /* AppDelegate.swift in Sources */ = {isa = PBXBuildFile; fileRef = 81C678C5248F9D4B00547D54 /* AppDelegate.swift */; };
		81C678C8248F9D4B00547D54 /* SceneDelegate.swift in Sources */ = {isa = PBXBuildFile; fileRef = 81C678C7248F9D4B00547D54 /* SceneDelegate.swift */; };
		81C678CA248F9D4B00547D54 /* ContentView.swift in Sources */ = {isa = PBXBuildFile; fileRef = 81C678C9248F9D4B00547D54 /* ContentView.swift */; };
		81C678CC248F9D4D00547D54 /* Assets.xcassets in Resources */ = {isa = PBXBuildFile; fileRef = 81C678CB248F9D4D00547D54 /* Assets.xcassets */; };
		81C678CF248F9D4D00547D54 /* Preview Assets.xcassets in Resources */ = {isa = PBXBuildFile; fileRef = 81C678CE248F9D4D00547D54 /* Preview Assets.xcassets */; };
		81C678D2248F9D4D00547D54 /* LaunchScreen.storyboard in Resources */ = {isa = PBXBuildFile; fileRef = 81C678D0248F9D4D00547D54 /* LaunchScreen.storyboard */; };
		81C678DB248FA28700547D54 /* NetworkManager.swift in Sources */ = {isa = PBXBuildFile; fileRef = 81C678DA248FA28700547D54 /* NetworkManager.swift */; };
		81C678DD248FA50600547D54 /* PostData.swift in Sources */ = {isa = PBXBuildFile; fileRef = 81C678DC248FA50600547D54 /* PostData.swift */; };
		81C678E0248FB9BD00547D54 /* DetailView.swift in Sources */ = {isa = PBXBuildFile; fileRef = 81C678DF248FB9BD00547D54 /* DetailView.swift */; };
		81C678E2248FC13000547D54 /* WebView.swift in Sources */ = {isa = PBXBuildFile; fileRef = 81C678E1248FC13000547D54 /* WebView.swift */; };
/* End PBXBuildFile section */

/* Begin PBXFileReference section */
		81C678C2248F9D4B00547D54 /* Hot News.app */ = {isa = PBXFileReference; explicitFileType = wrapper.application; includeInIndex = 0; path = "Hot News.app"; sourceTree = BUILT_PRODUCTS_DIR; };
		81C678C5248F9D4B00547D54 /* AppDelegate.swift */ = {isa = PBXFileReference; lastKnownFileType = sourcecode.swift; path = AppDelegate.swift; sourceTree = "<group>"; };
		81C678C7248F9D4B00547D54 /* SceneDelegate.swift */ = {isa = PBXFileReference; lastKnownFileType = sourcecode.swift; path = SceneDelegate.swift; sourceTree = "<group>"; };
		81C678C9248F9D4B00547D54 /* ContentView.swift */ = {isa = PBXFileReference; lastKnownFileType = sourcecode.swift; path = ContentView.swift; sourceTree = "<group>"; };
		81C678CB248F9D4D00547D54 /* Assets.xcassets */ = {isa = PBXFileReference; lastKnownFileType = folder.assetcatalog; path = Assets.xcassets; sourceTree = "<group>"; };
		81C678CE248F9D4D00547D54 /* Preview Assets.xcassets */ = {isa = PBXFileReference; lastKnownFileType = folder.assetcatalog; path = "Preview Assets.xcassets"; sourceTree = "<group>"; };
		81C678D1248F9D4D00547D54 /* Base */ = {isa = PBXFileReference; lastKnownFileType = file.storyboard; name = Base; path = Base.lproj/LaunchScreen.storyboard; sourceTree = "<group>"; };
		81C678D3248F9D4D00547D54 /* Info.plist */ = {isa = PBXFileReference; lastKnownFileType = text.plist.xml; path = Info.plist; sourceTree = "<group>"; };
		81C678DA248FA28700547D54 /* NetworkManager.swift */ = {isa = PBXFileReference; lastKnownFileType = sourcecode.swift; path = NetworkManager.swift; sourceTree = "<group>"; };
		81C678DC248FA50600547D54 /* PostData.swift */ = {isa = PBXFileReference; lastKnownFileType = sourcecode.swift; path = PostData.swift; sourceTree = "<group>"; };
		81C678DF248FB9BD00547D54 /* DetailView.swift */ = {isa = PBXFileReference; lastKnownFileType = sourcecode.swift; path = DetailView.swift; sourceTree = "<group>"; };
		81C678E1248FC13000547D54 /* WebView.swift */ = {isa = PBXFileReference; lastKnownFileType = sourcecode.swift; path = WebView.swift; sourceTree = "<group>"; };
		81C678E3248FC40100547D54 /* Hot News.entitlements */ = {isa = PBXFileReference; lastKnownFileType = text.plist.entitlements; path = "Hot News.entitlements"; sourceTree = "<group>"; };
/* End PBXFileReference section */

/* Begin PBXFrameworksBuildPhase section */
		81C678BF248F9D4B00547D54 /* Frameworks */ = {
			isa = PBXFrameworksBuildPhase;
			buildActionMask = 2147483647;
			files = (
			);
			runOnlyForDeploymentPostprocessing = 0;
		};
/* End PBXFrameworksBuildPhase section */

/* Begin PBXGroup section */
		81C678B9248F9D4B00547D54 = {
			isa = PBXGroup;
			children = (
				81C678C4248F9D4B00547D54 /* Hot News */,
				81C678C3248F9D4B00547D54 /* Products */,
			);
			sourceTree = "<group>";
		};
		81C678C3248F9D4B00547D54 /* Products */ = {
			isa = PBXGroup;
			children = (
				81C678C2248F9D4B00547D54 /* Hot News.app */,
			);
			name = Products;
			sourceTree = "<group>";
		};
		81C678C4248F9D4B00547D54 /* Hot News */ = {
			isa = PBXGroup;
			children = (
				81C678E3248FC40100547D54 /* Hot News.entitlements */,
				81C678C5248F9D4B00547D54 /* AppDelegate.swift */,
				81C678C7248F9D4B00547D54 /* SceneDelegate.swift */,
				81C678DE248FB98E00547D54 /* Views */,
				81C678D9248FA24C00547D54 /* Models */,
				81C678CB248F9D4D00547D54 /* Assets.xcassets */,
				81C678D0248F9D4D00547D54 /* LaunchScreen.storyboard */,
				81C678D3248F9D4D00547D54 /* Info.plist */,
				81C678CD248F9D4D00547D54 /* Preview Content */,
			);
			path = "Hot News";
			sourceTree = "<group>";
		};
		81C678CD248F9D4D00547D54 /* Preview Content */ = {
			isa = PBXGroup;
			children = (
				81C678CE248F9D4D00547D54 /* Preview Assets.xcassets */,
			);
			path = "Preview Content";
			sourceTree = "<group>";
		};
		81C678D9248FA24C00547D54 /* Models */ = {
			isa = PBXGroup;
			children = (
				81C678DA248FA28700547D54 /* NetworkManager.swift */,
				81C678DC248FA50600547D54 /* PostData.swift */,
			);
			path = Models;
			sourceTree = "<group>";
		};
		81C678DE248FB98E00547D54 /* Views */ = {
			isa = PBXGroup;
			children = (
				81C678C9248F9D4B00547D54 /* ContentView.swift */,
				81C678DF248FB9BD00547D54 /* DetailView.swift */,
				81C678E1248FC13000547D54 /* WebView.swift */,
			);
			path = Views;
			sourceTree = "<group>";
		};
/* End PBXGroup section */

/* Begin PBXNativeTarget section */
		81C678C1248F9D4B00547D54 /* Hot News */ = {
			isa = PBXNativeTarget;
			buildConfigurationList = 81C678D6248F9D4D00547D54 /* Build configuration list for PBXNativeTarget "Hot News" */;
			buildPhases = (
				81C678BE248F9D4B00547D54 /* Sources */,
				81C678BF248F9D4B00547D54 /* Frameworks */,
				81C678C0248F9D4B00547D54 /* Resources */,
			);
			buildRules = (
			);
			dependencies = (
			);
			name = "Hot News";
			productName = "Hot News";
			productReference = 81C678C2248F9D4B00547D54 /* Hot News.app */;
			productType = "com.apple.product-type.application";
		};
/* End PBXNativeTarget section */

/* Begin PBXProject section */
		81C678BA248F9D4B00547D54 /* Project object */ = {
			isa = PBXProject;
			attributes = {
				LastSwiftUpdateCheck = 1150;
				LastUpgradeCheck = 1150;
				ORGANIZATIONNAME = "Ceren Ercan";
				TargetAttributes = {
					81C678C1248F9D4B00547D54 = {
						CreatedOnToolsVersion = 11.5;
					};
				};
			};
			buildConfigurationList = 81C678BD248F9D4B00547D54 /* Build configuration list for PBXProject "Hot News" */;
			compatibilityVersion = "Xcode 9.3";
			developmentRegion = en;
			hasScannedForEncodings = 0;
			knownRegions = (
				en,
				Base,
			);
			mainGroup = 81C678B9248F9D4B00547D54;
			productRefGroup = 81C678C3248F9D4B00547D54 /* Products */;
			projectDirPath = "";
			projectRoot = "";
			targets = (
				81C678C1248F9D4B00547D54 /* Hot News */,
			);
		};
/* End PBXProject section */

/* Begin PBXResourcesBuildPhase section */
		81C678C0248F9D4B00547D54 /* Resources */ = {
			isa = PBXResourcesBuildPhase;
			buildActionMask = 2147483647;
			files = (
				81C678D2248F9D4D00547D54 /* LaunchScreen.storyboard in Resources */,
				81C678CF248F9D4D00547D54 /* Preview Assets.xcassets in Resources */,
				81C678CC248F9D4D00547D54 /* Assets.xcassets in Resources */,
			);
			runOnlyForDeploymentPostprocessing = 0;
		};
/* End PBXResourcesBuildPhase section */

/* Begin PBXSourcesBuildPhase section */
		81C678BE248F9D4B00547D54 /* Sources */ = {
			isa = PBXSourcesBuildPhase;
			buildActionMask = 2147483647;
			files = (
				81C678DD248FA50600547D54 /* PostData.swift in Sources */,
				81C678E0248FB9BD00547D54 /* DetailView.swift in Sources */,
				81C678DB248FA28700547D54 /* NetworkManager.swift in Sources */,
				81C678C6248F9D4B00547D54 /* AppDelegate.swift in Sources */,
				81C678C8248F9D4B00547D54 /* SceneDelegate.swift in Sources */,
				81C678CA248F9D4B00547D54 /* ContentView.swift in Sources */,
				81C678E2248FC13000547D54 /* WebView.swift in Sources */,
			);
			runOnlyForDeploymentPostprocessing = 0;
		};
/* End PBXSourcesBuildPhase section */

/* Begin PBXVariantGroup section */
		81C678D0248F9D4D00547D54 /* LaunchScreen.storyboard */ = {
			isa = PBXVariantGroup;
			children = (
				81C678D1248F9D4D00547D54 /* Base */,
			);
			name = LaunchScreen.storyboard;
			sourceTree = "<group>";
		};
/* End PBXVariantGroup section */

/* Begin XCBuildConfiguration section */
		81C678D4248F9D4D00547D54 /* Debug */ = {
			isa = XCBuildConfiguration;
			buildSettings = {
				ALWAYS_SEARCH_USER_PATHS = NO;
				CLANG_ANALYZER_NONNULL = YES;
				CLANG_ANALYZER_NUMBER_OBJECT_CONVERSION = YES_AGGRESSIVE;
				CLANG_CXX_LANGUAGE_STANDARD = "gnu++14";
				CLANG_CXX_LIBRARY = "libc++";
				CLANG_ENABLE_MODULES = YES;
				CLANG_ENABLE_OBJC_ARC = YES;
				CLANG_ENABLE_OBJC_WEAK = YES;
				CLANG_WARN_BLOCK_CAPTURE_AUTORELEASING = YES;
				CLANG_WARN_BOOL_CONVERSION = YES;
				CLANG_WARN_COMMA = YES;
				CLANG_WARN_CONSTANT_CONVERSION = YES;
				CLANG_WARN_DEPRECATED_OBJC_IMPLEMENTATIONS = YES;
				CLANG_WARN_DIRECT_OBJC_ISA_USAGE = YES_ERROR;
				CLANG_WARN_DOCUMENTATION_COMMENTS = YES;
				CLANG_WARN_EMPTY_BODY = YES;
				CLANG_WARN_ENUM_CONVERSION = YES;
				CLANG_WARN_INFINITE_RECURSION = YES;
				CLANG_WARN_INT_CONVERSION = YES;
				CLANG_WARN_NON_LITERAL_NULL_CONVERSION = YES;
				CLANG_WARN_OBJC_IMPLICIT_RETAIN_SELF = YES;
				CLANG_WARN_OBJC_LITERAL_CONVERSION = YES;
				CLANG_WARN_OBJC_ROOT_CLASS = YES_ERROR;
				CLANG_WARN_RANGE_LOOP_ANALYSIS = YES;
				CLANG_WARN_STRICT_PROTOTYPES = YES;
				CLANG_WARN_SUSPICIOUS_MOVE = YES;
				CLANG_WARN_UNGUARDED_AVAILABILITY = YES_AGGRESSIVE;
				CLANG_WARN_UNREACHABLE_CODE = YES;
				CLANG_WARN__DUPLICATE_METHOD_MATCH = YES;
				COPY_PHASE_STRIP = NO;
				DEBUG_INFORMATION_FORMAT = dwarf;
				ENABLE_STRICT_OBJC_MSGSEND = YES;
				ENABLE_TESTABILITY = YES;
				GCC_C_LANGUAGE_STANDARD = gnu11;
				GCC_DYNAMIC_NO_PIC = NO;
				GCC_NO_COMMON_BLOCKS = YES;
				GCC_OPTIMIZATION_LEVEL = 0;
				GCC_PREPROCESSOR_DEFINITIONS = (
					"DEBUG=1",
					"$(inherited)",
				);
				GCC_WARN_64_TO_32_BIT_CONVERSION = YES;
				GCC_WARN_ABOUT_RETURN_TYPE = YES_ERROR;
				GCC_WARN_UNDECLARED_SELECTOR = YES;
				GCC_WARN_UNINITIALIZED_AUTOS = YES_AGGRESSIVE;
				GCC_WARN_UNUSED_FUNCTION = YES;
				GCC_WARN_UNUSED_VARIABLE = YES;
				IPHONEOS_DEPLOYMENT_TARGET = 13.5;
				MTL_ENABLE_DEBUG_INFO = INCLUDE_SOURCE;
				MTL_FAST_MATH = YES;
				ONLY_ACTIVE_ARCH = YES;
				SDKROOT = iphoneos;
				SWIFT_ACTIVE_COMPILATION_CONDITIONS = DEBUG;
				SWIFT_OPTIMIZATION_LEVEL = "-Onone";
			};
			name = Debug;
		};
		81C678D5248F9D4D00547D54 /* Release */ = {
			isa = XCBuildConfiguration;
			buildSettings = {
				ALWAYS_SEARCH_USER_PATHS = NO;
				CLANG_ANALYZER_NONNULL = YES;
				CLANG_ANALYZER_NUMBER_OBJECT_CONVERSION = YES_AGGRESSIVE;
				CLANG_CXX_LANGUAGE_STANDARD = "gnu++14";
				CLANG_CXX_LIBRARY = "libc++";
				CLANG_ENABLE_MODULES = YES;
				CLANG_ENABLE_OBJC_ARC = YES;
				CLANG_ENABLE_OBJC_WEAK = YES;
				CLANG_WARN_BLOCK_CAPTURE_AUTORELEASING = YES;
				CLANG_WARN_BOOL_CONVERSION = YES;
				CLANG_WARN_COMMA = YES;
				CLANG_WARN_CONSTANT_CONVERSION = YES;
				CLANG_WARN_DEPRECATED_OBJC_IMPLEMENTATIONS = YES;
				CLANG_WARN_DIRECT_OBJC_ISA_USAGE = YES_ERROR;
				CLANG_WARN_DOCUMENTATION_COMMENTS = YES;
				CLANG_WARN_EMPTY_BODY = YES;
				CLANG_WARN_ENUM_CONVERSION = YES;
				CLANG_WARN_INFINITE_RECURSION = YES;
				CLANG_WARN_INT_CONVERSION = YES;
				CLANG_WARN_NON_LITERAL_NULL_CONVERSION = YES;
				CLANG_WARN_OBJC_IMPLICIT_RETAIN_SELF = YES;
				CLANG_WARN_OBJC_LITERAL_CONVERSION = YES;
				CLANG_WARN_OBJC_ROOT_CLASS = YES_ERROR;
				CLANG_WARN_RANGE_LOOP_ANALYSIS = YES;
				CLANG_WARN_STRICT_PROTOTYPES = YES;
				CLANG_WARN_SUSPICIOUS_MOVE = YES;
				CLANG_WARN_UNGUARDED_AVAILABILITY = YES_AGGRESSIVE;
				CLANG_WARN_UNREACHABLE_CODE = YES;
				CLANG_WARN__DUPLICATE_METHOD_MATCH = YES;
				COPY_PHASE_STRIP = NO;
				DEBUG_INFORMATION_FORMAT = "dwarf-with-dsym";
				ENABLE_NS_ASSERTIONS = NO;
				ENABLE_STRICT_OBJC_MSGSEND = YES;
				GCC_C_LANGUAGE_STANDARD = gnu11;
				GCC_NO_COMMON_BLOCKS = YES;
				GCC_WARN_64_TO_32_BIT_CONVERSION = YES;
				GCC_WARN_ABOUT_RETURN_TYPE = YES_ERROR;
				GCC_WARN_UNDECLARED_SELECTOR = YES;
				GCC_WARN_UNINITIALIZED_AUTOS = YES_AGGRESSIVE;
				GCC_WARN_UNUSED_FUNCTION = YES;
				GCC_WARN_UNUSED_VARIABLE = YES;
				IPHONEOS_DEPLOYMENT_TARGET = 13.5;
				MTL_ENABLE_DEBUG_INFO = NO;
				MTL_FAST_MATH = YES;
				SDKROOT = iphoneos;
				SWIFT_COMPILATION_MODE = wholemodule;
				SWIFT_OPTIMIZATION_LEVEL = "-O";
				VALIDATE_PRODUCT = YES;
			};
			name = Release;
		};
		81C678D7248F9D4D00547D54 /* Debug */ = {
			isa = XCBuildConfiguration;
			buildSettings = {
				ASSETCATALOG_COMPILER_APPICON_NAME = AppIcon;
				CODE_SIGN_ENTITLEMENTS = "Hot News/Hot News.entitlements";
				"CODE_SIGN_IDENTITY[sdk=macosx*]" = "Apple Development";
				CODE_SIGN_STYLE = Automatic;
				DEVELOPMENT_ASSET_PATHS = "\"Hot News/Preview Content\"";
				DEVELOPMENT_TEAM = QGHVRQJL53;
				ENABLE_PREVIEWS = YES;
				INFOPLIST_FILE = "Hot News/Info.plist";
				LD_RUNPATH_SEARCH_PATHS = (
					"$(inherited)",
					"@executable_path/Frameworks",
				);
				PRODUCT_BUNDLE_IDENTIFIER = "com.cerenercan.Hot-News";
				PRODUCT_NAME = "$(TARGET_NAME)";
				SUPPORTS_MACCATALYST = YES;
				SWIFT_VERSION = 5.0;
				TARGETED_DEVICE_FAMILY = "1,2";
			};
			name = Debug;
		};
		81C678D8248F9D4D00547D54 /* Release */ = {
			isa = XCBuildConfiguration;
			buildSettings = {
				ASSETCATALOG_COMPILER_APPICON_NAME = AppIcon;
				CODE_SIGN_ENTITLEMENTS = "Hot News/Hot News.entitlements";
				"CODE_SIGN_IDENTITY[sdk=macosx*]" = "Apple Development";
				CODE_SIGN_STYLE = Automatic;
				DEVELOPMENT_ASSET_PATHS = "\"Hot News/Preview Content\"";
				DEVELOPMENT_TEAM = QGHVRQJL53;
				ENABLE_PREVIEWS = YES;
				INFOPLIST_FILE = "Hot News/Info.plist";
				LD_RUNPATH_SEARCH_PATHS = (
					"$(inherited)",
					"@executable_path/Frameworks",
				);
				PRODUCT_BUNDLE_IDENTIFIER = "com.cerenercan.Hot-News";
				PRODUCT_NAME = "$(TARGET_NAME)";
				SUPPORTS_MACCATALYST = YES;
				SWIFT_VERSION = 5.0;
				TARGETED_DEVICE_FAMILY = "1,2";
			};
			name = Release;
		};
/* End XCBuildConfiguration section */

/* Begin XCConfigurationList section */
		81C678BD248F9D4B00547D54 /* Build configuration list for PBXProject "Hot News" */ = {
			isa = XCConfigurationList;
			buildConfigurations = (
				81C678D4248F9D4D00547D54 /* Debug */,
				81C678D5248F9D4D00547D54 /* Release */,
			);
			defaultConfigurationIsVisible = 0;
			defaultConfigurationName = Release;
		};
		81C678D6248F9D4D00547D54 /* Build configuration list for PBXNativeTarget "Hot News" */ = {
			isa = XCConfigurationList;
			buildConfigurations = (
				81C678D7248F9D4D00547D54 /* Debug */,
				81C678D8248F9D4D00547D54 /* Release */,
			);
			defaultConfigurationIsVisible = 0;
			defaultConfigurationName = Release;
		};
/* End XCConfigurationList section */
	};
	rootObject = 81C678BA248F9D4B00547D54 /* Project object */;
}
